PODS:
  - kml-pipe-swift (0.1.0):
    - TensorFlowLiteSwift/CoreML (~> 2.4.0)
    - TensorFlowLiteSwift/Metal (~> 2.4.0)
  - TensorFlowLiteC (2.4.0):
    - TensorFlowLiteC/Core (= 2.4.0)
  - TensorFlowLiteC/Core (2.4.0)
  - TensorFlowLiteC/CoreML (2.4.0):
    - TensorFlowLiteC/Core
  - TensorFlowLiteC/Metal (2.4.0):
    - TensorFlowLiteC/Core
  - TensorFlowLiteSwift/Core (2.4.0):
    - TensorFlowLiteC (= 2.4.0)
  - TensorFlowLiteSwift/CoreML (2.4.0):
    - TensorFlowLiteC/CoreML (= 2.4.0)
    - TensorFlowLiteSwift/Core (= 2.4.0)
  - TensorFlowLiteSwift/Metal (2.4.0):
    - TensorFlowLiteC/Metal (= 2.4.0)
    - TensorFlowLiteSwift/Core (= 2.4.0)

DEPENDENCIES:
  - kml-pipe-swift (from `../`)
  - TensorFlowLiteSwift/CoreML (~> 2.4.0)
  - TensorFlowLiteSwift/Metal (~> 2.4.0)

SPEC REPOS:
  trunk:
    - TensorFlowLiteC
    - TensorFlowLiteSwift

EXTERNAL SOURCES:
  kml-pipe-swift:
    :path: "../"

SPEC CHECKSUMS:
  kml-pipe-swift: fd5674c0a6143f20ef9e009c7b09abeb49bf7726
  TensorFlowLiteC: 09f8ac75a76caeadb19bcfa694e97454cc1ecf87
  TensorFlowLiteSwift: f062dc1178120100d825d7799fd9f115b4a37fee

PODFILE CHECKSUM: bed6dd68f37d26398cd3937e183e22dd40b5fb0d

COCOAPODS: 1.12.1
